
Microsoft Visual Studio Solution File, Format Version 12.00
# Visual Studio 15
VisualStudioVersion = 15.0.27004.2005
MinimumVisualStudioVersion = 10.0.40219.1
Project("{FAE04EC0-301F-11D3-BF4B-00C04F79EFBC}") = "App1.Android", "App1\App1.Android\App1.Android.csproj", "{F75C386F-0E91-4873-8DC4-BC0CA92724B5}"
EndProject
Project("{FAE04EC0-301F-11D3-BF4B-00C04F79EFBC}") = "App1", "App1\App1\App1.csproj", "{D2F011D8-DA82-431A-8B48-BAB500DEED91}"
EndProject
Project("{FAE04EC0-301F-11D3-BF4B-00C04F79EFBC}") = "App1.UWP", "App1\App1.UWP\App1.UWP.csproj", "{862B4CCF-BF3C-4DB2-AB11-663FB4ABFE41}"
EndProject
Project("{FAE04EC0-301F-11D3-BF4B-00C04F79EFBC}") = "App1.iOS", "App1\App1.iOS\App1.iOS.csproj", "{D17371F0-F04B-4433-B022-741C0C54F509}"
EndProject
Global
	GlobalSection(SolutionConfigurationPlatforms) = preSolution
		Ad-Hoc|Any CPU = Ad-Hoc|Any CPU
		Ad-Hoc|ARM = Ad-Hoc|ARM
		Ad-Hoc|iPhone = Ad-Hoc|iPhone
		Ad-Hoc|iPhoneSimulator = Ad-Hoc|iPhoneSimulator
		Ad-Hoc|x64 = Ad-Hoc|x64
		Ad-Hoc|x86 = Ad-Hoc|x86
		AppStore|Any CPU = AppStore|Any CPU
		AppStore|ARM = AppStore|ARM
		AppStore|iPhone = AppStore|iPhone
		AppStore|iPhoneSimulator = AppStore|iPhoneSimulator
		AppStore|x64 = AppStore|x64
		AppStore|x86 = AppStore|x86
		Debug|Any CPU = Debug|Any CPU
		Debug|ARM = Debug|ARM
		Debug|iPhone = Debug|iPhone
		Debug|iPhoneSimulator = Debug|iPhoneSimulator
		Debug|x64 = Debug|x64
		Debug|x86 = Debug|x86
		Release|Any CPU = Release|Any CPU
		Release|ARM = Release|ARM
		Release|iPhone = Release|iPhone
		Release|iPhoneSimulator = Release|iPhoneSimulator
		Release|x64 = Release|x64
		Release|x86 = Release|x86
	EndGlobalSection
	GlobalSection(ProjectConfigurationPlatforms) = postSolution
		{F75C386F-0E91-4873-8DC4-BC0CA92724B5}.Ad-Hoc|Any CPU.ActiveCfg = Release|Any CPU
		{F75C386F-0E91-4873-8DC4-BC0CA92724B5}.Ad-Hoc|Any CPU.Build.0 = Release|Any CPU
		{F75C386F-0E91-4873-8DC4-BC0CA92724B5}.Ad-Hoc|Any CPU.Deploy.0 = Release|Any CPU
		{F75C386F-0E91-4873-8DC4-BC0CA92724B5}.Ad-Hoc|ARM.ActiveCfg = Release|Any CPU
		{F75C386F-0E91-4873-8DC4-BC0CA92724B5}.Ad-Hoc|ARM.Build.0 = Release|Any CPU
		{F75C386F-0E91-4873-8DC4-BC0CA92724B5}.Ad-Hoc|ARM.Deploy.0 = Release|Any CPU
		{F75C386F-0E91-4873-8DC4-BC0CA92724B5}.Ad-Hoc|iPhone.ActiveCfg = Release|Any CPU
		{F75C386F-0E91-4873-8DC4-BC0CA92724B5}.Ad-Hoc|iPhone.Build.0 = Release|Any CPU
		{F75C386F-0E91-4873-8DC4-BC0CA92724B5}.Ad-Hoc|iPhone.Deploy.0 = Release|Any CPU
		{F75C386F-0E91-4873-8DC4-BC0CA92724B5}.Ad-Hoc|iPhoneSimulator.ActiveCfg = Release|Any CPU
		{F75C386F-0E91-4873-8DC4-BC0CA92724B5}.Ad-Hoc|iPhoneSimulator.Build.0 = Release|Any CPU
		{F75C386F-0E91-4873-8DC4-BC0CA92724B5}.Ad-Hoc|iPhoneSimulator.Deploy.0 = Release|Any CPU
		{F75C386F-0E91-4873-8DC4-BC0CA92724B5}.Ad-Hoc|x64.ActiveCfg = Release|Any CPU
		{F75C386F-0E91-4873-8DC4-BC0CA92724B5}.Ad-Hoc|x64.Build.0 = Release|Any CPU
		{F75C386F-0E91-4873-8DC4-BC0CA92724B5}.Ad-Hoc|x64.Deploy.0 = Release|Any CPU
		{F75C386F-0E91-4873-8DC4-BC0CA92724B5}.Ad-Hoc|x86.ActiveCfg = Release|Any CPU
		{F75C386F-0E91-4873-8DC4-BC0CA92724B5}.Ad-Hoc|x86.Build.0 = Release|Any CPU
		{F75C386F-0E91-4873-8DC4-BC0CA92724B5}.Ad-Hoc|x86.Deploy.0 = Release|Any CPU
		{F75C386F-0E91-4873-8DC4-BC0CA92724B5}.AppStore|Any CPU.ActiveCfg = Release|Any CPU
		{F75C386F-0E91-4873-8DC4-BC0CA92724B5}.AppStore|Any CPU.Build.0 = Release|Any CPU
		{F75C386F-0E91-4873-8DC4-BC0CA92724B5}.AppStore|Any CPU.Deploy.0 = Release|Any CPU
		{F75C386F-0E91-4873-8DC4-BC0CA92724B5}.AppStore|ARM.ActiveCfg = Release|Any CPU
		{F75C386F-0E91-4873-8DC4-BC0CA92724B5}.AppStore|ARM.Build.0 = Release|Any CPU
		{F75C386F-0E91-4873-8DC4-BC0CA92724B5}.AppStore|ARM.Deploy.0 = Release|Any CPU
		{F75C386F-0E91-4873-8DC4-BC0CA92724B5}.AppStore|iPhone.ActiveCfg = Release|Any CPU
		{F75C386F-0E91-4873-8DC4-BC0CA92724B5}.AppStore|iPhone.Build.0 = Release|Any CPU
		{F75C386F-0E91-4873-8DC4-BC0CA92724B5}.AppStore|iPhone.Deploy.0 = Release|Any CPU
		{F75C386F-0E91-4873-8DC4-BC0CA92724B5}.AppStore|iPhoneSimulator.ActiveCfg = Release|Any CPU
		{F75C386F-0E91-4873-8DC4-BC0CA92724B5}.AppStore|iPhoneSimulator.Build.0 = Release|Any CPU
		{F75C386F-0E91-4873-8DC4-BC0CA92724B5}.AppStore|iPhoneSimulator.Deploy.0 = Release|Any CPU
		{F75C386F-0E91-4873-8DC4-BC0CA92724B5}.AppStore|x64.ActiveCfg = Release|Any CPU
		{F75C386F-0E91-4873-8DC4-BC0CA92724B5}.AppStore|x64.Build.0 = Release|Any CPU
		{F75C386F-0E91-4873-8DC4-BC0CA92724B5}.AppStore|x64.Deploy.0 = Release|Any CPU
		{F75C386F-0E91-4873-8DC4-BC0CA92724B5}.AppStore|x86.ActiveCfg = Release|Any CPU
		{F75C386F-0E91-4873-8DC4-BC0CA92724B5}.AppStore|x86.Build.0 = Release|Any CPU
		{F75C386F-0E91-4873-8DC4-BC0CA92724B5}.AppStore|x86.Deploy.0 = Release|Any CPU
		{F75C386F-0E91-4873-8DC4-BC0CA92724B5}.Debug|Any CPU.ActiveCfg = Debug|Any CPU
		{F75C386F-0E91-4873-8DC4-BC0CA92724B5}.Debug|Any CPU.Build.0 = Debug|Any CPU
		{F75C386F-0E91-4873-8DC4-BC0CA92724B5}.Debug|Any CPU.Deploy.0 = Debug|Any CPU
		{F75C386F-0E91-4873-8DC4-BC0CA92724B5}.Debug|ARM.ActiveCfg = Debug|Any CPU
		{F75C386F-0E91-4873-8DC4-BC0CA92724B5}.Debug|ARM.Build.0 = Debug|Any CPU
		{F75C386F-0E91-4873-8DC4-BC0CA92724B5}.Debug|ARM.Deploy.0 = Debug|Any CPU
		{F75C386F-0E91-4873-8DC4-BC0CA92724B5}.Debug|iPhone.ActiveCfg = Debug|Any CPU
		{F75C386F-0E91-4873-8DC4-BC0CA92724B5}.Debug|iPhone.Build.0 = Debug|Any CPU
		{F75C386F-0E91-4873-8DC4-BC0CA92724B5}.Debug|iPhone.Deploy.0 = Debug|Any CPU
		{F75C386F-0E91-4873-8DC4-BC0CA92724B5}.Debug|iPhoneSimulator.ActiveCfg = Debug|Any CPU
		{F75C386F-0E91-4873-8DC4-BC0CA92724B5}.Debug|iPhoneSimulator.Build.0 = Debug|Any CPU
		{F75C386F-0E91-4873-8DC4-BC0CA92724B5}.Debug|iPhoneSimulator.Deploy.0 = Debug|Any CPU
		{F75C386F-0E91-4873-8DC4-BC0CA92724B5}.Debug|x64.ActiveCfg = Debug|Any CPU
		{F75C386F-0E91-4873-8DC4-BC0CA92724B5}.Debug|x64.Build.0 = Debug|Any CPU
		{F75C386F-0E91-4873-8DC4-BC0CA92724B5}.Debug|x64.Deploy.0 = Debug|Any CPU
		{F75C386F-0E91-4873-8DC4-BC0CA92724B5}.Debug|x86.ActiveCfg = Debug|Any CPU
		{F75C386F-0E91-4873-8DC4-BC0CA92724B5}.Debug|x86.Build.0 = Debug|Any CPU
		{F75C386F-0E91-4873-8DC4-BC0CA92724B5}.Debug|x86.Deploy.0 = Debug|Any CPU
		{F75C386F-0E91-4873-8DC4-BC0CA92724B5}.Release|Any CPU.ActiveCfg = Release|Any CPU
		{F75C386F-0E91-4873-8DC4-BC0CA92724B5}.Release|Any CPU.Build.0 = Release|Any CPU
		{F75C386F-0E91-4873-8DC4-BC0CA92724B5}.Release|Any CPU.Deploy.0 = Release|Any CPU
		{F75C386F-0E91-4873-8DC4-BC0CA92724B5}.Release|ARM.ActiveCfg = Release|Any CPU
		{F75C386F-0E91-4873-8DC4-BC0CA92724B5}.Release|ARM.Build.0 = Release|Any CPU
		{F75C386F-0E91-4873-8DC4-BC0CA92724B5}.Release|ARM.Deploy.0 = Release|Any CPU
		{F75C386F-0E91-4873-8DC4-BC0CA92724B5}.Release|iPhone.ActiveCfg = Release|Any CPU
		{F75C386F-0E91-4873-8DC4-BC0CA92724B5}.Release|iPhone.Build.0 = Release|Any CPU
		{F75C386F-0E91-4873-8DC4-BC0CA92724B5}.Release|iPhone.Deploy.0 = Release|Any CPU
		{F75C386F-0E91-4873-8DC4-BC0CA92724B5}.Release|iPhoneSimulator.ActiveCfg = Release|Any CPU
		{F75C386F-0E91-4873-8DC4-BC0CA92724B5}.Release|iPhoneSimulator.Build.0 = Release|Any CPU
		{F75C386F-0E91-4873-8DC4-BC0CA92724B5}.Release|iPhoneSimulator.Deploy.0 = Release|Any CPU
		{F75C386F-0E91-4873-8DC4-BC0CA92724B5}.Release|x64.ActiveCfg = Release|Any CPU
		{F75C386F-0E91-4873-8DC4-BC0CA92724B5}.Release|x64.Build.0 = Release|Any CPU
		{F75C386F-0E91-4873-8DC4-BC0CA92724B5}.Release|x64.Deploy.0 = Release|Any CPU
		{F75C386F-0E91-4873-8DC4-BC0CA92724B5}.Release|x86.ActiveCfg = Release|Any CPU
		{F75C386F-0E91-4873-8DC4-BC0CA92724B5}.Release|x86.Build.0 = Release|Any CPU
		{F75C386F-0E91-4873-8DC4-BC0CA92724B5}.Release|x86.Deploy.0 = Release|Any CPU
		{D2F011D8-DA82-431A-8B48-BAB500DEED91}.Ad-Hoc|Any CPU.ActiveCfg = Release|Any CPU
		{D2F011D8-DA82-431A-8B48-BAB500DEED91}.Ad-Hoc|Any CPU.Build.0 = Release|Any CPU
		{D2F011D8-DA82-431A-8B48-BAB500DEED91}.Ad-Hoc|ARM.ActiveCfg = Release|Any CPU
		{D2F011D8-DA82-431A-8B48-BAB500DEED91}.Ad-Hoc|ARM.Build.0 = Release|Any CPU
		{D2F011D8-DA82-431A-8B48-BAB500DEED91}.Ad-Hoc|iPhone.ActiveCfg = Release|Any CPU
		{D2F011D8-DA82-431A-8B48-BAB500DEED91}.Ad-Hoc|iPhone.Build.0 = Release|Any CPU
		{D2F011D8-DA82-431A-8B48-BAB500DEED91}.Ad-Hoc|iPhoneSimulator.ActiveCfg = Release|Any CPU
		{D2F011D8-DA82-431A-8B48-BAB500DEED91}.Ad-Hoc|iPhoneSimulator.Build.0 = Release|Any CPU
		{D2F011D8-DA82-431A-8B48-BAB500DEED91}.Ad-Hoc|x64.ActiveCfg = Release|Any CPU
		{D2F011D8-DA82-431A-8B48-BAB500DEED91}.Ad-Hoc|x64.Build.0 = Release|Any CPU
		{D2F011D8-DA82-431A-8B48-BAB500DEED91}.Ad-Hoc|x86.ActiveCfg = Release|Any CPU
		{D2F011D8-DA82-431A-8B48-BAB500DEED91}.Ad-Hoc|x86.Build.0 = Release|Any CPU
		{D2F011D8-DA82-431A-8B48-BAB500DEED91}.AppStore|Any CPU.ActiveCfg = Release|Any CPU
		{D2F011D8-DA82-431A-8B48-BAB500DEED91}.AppStore|Any CPU.Build.0 = Release|Any CPU
		{D2F011D8-DA82-431A-8B48-BAB500DEED91}.AppStore|ARM.ActiveCfg = Release|Any CPU
		{D2F011D8-DA82-431A-8B48-BAB500DEED91}.AppStore|ARM.Build.0 = Release|Any CPU
		{D2F011D8-DA82-431A-8B48-BAB500DEED91}.AppStore|iPhone.ActiveCfg = Release|Any CPU
		{D2F011D8-DA82-431A-8B48-BAB500DEED91}.AppStore|iPhone.Build.0 = Release|Any CPU
		{D2F011D8-DA82-431A-8B48-BAB500DEED91}.AppStore|iPhoneSimulator.ActiveCfg = Release|Any CPU
		{D2F011D8-DA82-431A-8B48-BAB500DEED91}.AppStore|iPhoneSimulator.Build.0 = Release|Any CPU
		{D2F011D8-DA82-431A-8B48-BAB500DEED91}.AppStore|x64.ActiveCfg = Release|Any CPU
		{D2F011D8-DA82-431A-8B48-BAB500DEED91}.AppStore|x64.Build.0 = Release|Any CPU
		{D2F011D8-DA82-431A-8B48-BAB500DEED91}.AppStore|x86.ActiveCfg = Release|Any CPU
		{D2F011D8-DA82-431A-8B48-BAB500DEED91}.AppStore|x86.Build.0 = Release|Any CPU
		{D2F011D8-DA82-431A-8B48-BAB500DEED91}.Debug|Any CPU.ActiveCfg = Debug|Any CPU
		{D2F011D8-DA82-431A-8B48-BAB500DEED91}.Debug|Any CPU.Build.0 = Debug|Any CPU
		{D2F011D8-DA82-431A-8B48-BAB500DEED91}.Debug|ARM.ActiveCfg = Debug|Any CPU
		{D2F011D8-DA82-431A-8B48-BAB500DEED91}.Debug|ARM.Build.0 = Debug|Any CPU
		{D2F011D8-DA82-431A-8B48-BAB500DEED91}.Debug|iPhone.ActiveCfg = Debug|Any CPU
		{D2F011D8-DA82-431A-8B48-BAB500DEED91}.Debug|iPhone.Build.0 = Debug|Any CPU
		{D2F011D8-DA82-431A-8B48-BAB500DEED91}.Debug|iPhoneSimulator.ActiveCfg = Debug|Any CPU
		{D2F011D8-DA82-431A-8B48-BAB500DEED91}.Debug|iPhoneSimulator.Build.0 = Debug|Any CPU
		{D2F011D8-DA82-431A-8B48-BAB500DEED91}.Debug|x64.ActiveCfg = Debug|Any CPU
		{D2F011D8-DA82-431A-8B48-BAB500DEED91}.Debug|x64.Build.0 = Debug|Any CPU
		{D2F011D8-DA82-431A-8B48-BAB500DEED91}.Debug|x86.ActiveCfg = Debug|Any CPU
		{D2F011D8-DA82-431A-8B48-BAB500DEED91}.Debug|x86.Build.0 = Debug|Any CPU
		{D2F011D8-DA82-431A-8B48-BAB500DEED91}.Release|Any CPU.ActiveCfg = Release|Any CPU
		{D2F011D8-DA82-431A-8B48-BAB500DEED91}.Release|Any CPU.Build.0 = Release|Any CPU
		{D2F011D8-DA82-431A-8B48-BAB500DEED91}.Release|ARM.ActiveCfg = Release|Any CPU
		{D2F011D8-DA82-431A-8B48-BAB500DEED91}.Release|ARM.Build.0 = Release|Any CPU
		{D2F011D8-DA82-431A-8B48-BAB500DEED91}.Release|iPhone.ActiveCfg = Release|Any CPU
		{D2F011D8-DA82-431A-8B48-BAB500DEED91}.Release|iPhone.Build.0 = Release|Any CPU
		{D2F011D8-DA82-431A-8B48-BAB500DEED91}.Release|iPhoneSimulator.ActiveCfg = Release|Any CPU
		{D2F011D8-DA82-431A-8B48-BAB500DEED91}.Release|iPhoneSimulator.Build.0 = Release|Any CPU
		{D2F011D8-DA82-431A-8B48-BAB500DEED91}.Release|x64.ActiveCfg = Release|Any CPU
		{D2F011D8-DA82-431A-8B48-BAB500DEED91}.Release|x64.Build.0 = Release|Any CPU
		{D2F011D8-DA82-431A-8B48-BAB500DEED91}.Release|x86.ActiveCfg = Release|Any CPU
		{D2F011D8-DA82-431A-8B48-BAB500DEED91}.Release|x86.Build.0 = Release|Any CPU
		{862B4CCF-BF3C-4DB2-AB11-663FB4ABFE41}.Ad-Hoc|Any CPU.ActiveCfg = Release|x86
		{862B4CCF-BF3C-4DB2-AB11-663FB4ABFE41}.Ad-Hoc|Any CPU.Build.0 = Release|x86
		{862B4CCF-BF3C-4DB2-AB11-663FB4ABFE41}.Ad-Hoc|Any CPU.Deploy.0 = Release|x86
		{862B4CCF-BF3C-4DB2-AB11-663FB4ABFE41}.Ad-Hoc|ARM.ActiveCfg = Release|ARM
		{862B4CCF-BF3C-4DB2-AB11-663FB4ABFE41}.Ad-Hoc|ARM.Build.0 = Release|ARM
		{862B4CCF-BF3C-4DB2-AB11-663FB4ABFE41}.Ad-Hoc|ARM.Deploy.0 = Release|ARM
		{862B4CCF-BF3C-4DB2-AB11-663FB4ABFE41}.Ad-Hoc|iPhone.ActiveCfg = Release|x86
		{862B4CCF-BF3C-4DB2-AB11-663FB4ABFE41}.Ad-Hoc|iPhone.Build.0 = Release|x86
		{862B4CCF-BF3C-4DB2-AB11-663FB4ABFE41}.Ad-Hoc|iPhone.Deploy.0 = Release|x86
		{862B4CCF-BF3C-4DB2-AB11-663FB4ABFE41}.Ad-Hoc|iPhoneSimulator.ActiveCfg = Release|x86
		{862B4CCF-BF3C-4DB2-AB11-663FB4ABFE41}.Ad-Hoc|iPhoneSimulator.Build.0 = Release|x86
		{862B4CCF-BF3C-4DB2-AB11-663FB4ABFE41}.Ad-Hoc|iPhoneSimulator.Deploy.0 = Release|x86
		{862B4CCF-BF3C-4DB2-AB11-663FB4ABFE41}.Ad-Hoc|x64.ActiveCfg = Release|x64
		{862B4CCF-BF3C-4DB2-AB11-663FB4ABFE41}.Ad-Hoc|x64.Build.0 = Release|x64
		{862B4CCF-BF3C-4DB2-AB11-663FB4ABFE41}.Ad-Hoc|x64.Deploy.0 = Release|x64
		{862B4CCF-BF3C-4DB2-AB11-663FB4ABFE41}.Ad-Hoc|x86.ActiveCfg = Release|x86
		{862B4CCF-BF3C-4DB2-AB11-663FB4ABFE41}.Ad-Hoc|x86.Build.0 = Release|x86
		{862B4CCF-BF3C-4DB2-AB11-663FB4ABFE41}.Ad-Hoc|x86.Deploy.0 = Release|x86
		{862B4CCF-BF3C-4DB2-AB11-663FB4ABFE41}.AppStore|Any CPU.ActiveCfg = Release|x86
		{862B4CCF-BF3C-4DB2-AB11-663FB4ABFE41}.AppStore|Any CPU.Build.0 = Release|x86
		{862B4CCF-BF3C-4DB2-AB11-663FB4ABFE41}.AppStore|Any CPU.Deploy.0 = Release|x86
		{862B4CCF-BF3C-4DB2-AB11-663FB4ABFE41}.AppStore|ARM.ActiveCfg = Release|ARM
		{862B4CCF-BF3C-4DB2-AB11-663FB4ABFE41}.AppStore|ARM.Build.0 = Release|ARM
		{862B4CCF-BF3C-4DB2-AB11-663FB4ABFE41}.AppStore|ARM.Deploy.0 = Release|ARM
		{862B4CCF-BF3C-4DB2-AB11-663FB4ABFE41}.AppStore|iPhone.ActiveCfg = Release|x86
		{862B4CCF-BF3C-4DB2-AB11-663FB4ABFE41}.AppStore|iPhone.Build.0 = Release|x86
		{862B4CCF-BF3C-4DB2-AB11-663FB4ABFE41}.AppStore|iPhone.Deploy.0 = Release|x86
		{862B4CCF-BF3C-4DB2-AB11-663FB4ABFE41}.AppStore|iPhoneSimulator.ActiveCfg = Release|x86
		{862B4CCF-BF3C-4DB2-AB11-663FB4ABFE41}.AppStore|iPhoneSimulator.Build.0 = Release|x86
		{862B4CCF-BF3C-4DB2-AB11-663FB4ABFE41}.AppStore|iPhoneSimulator.Deploy.0 = Release|x86
		{862B4CCF-BF3C-4DB2-AB11-663FB4ABFE41}.AppStore|x64.ActiveCfg = Release|x64
		{862B4CCF-BF3C-4DB2-AB11-663FB4ABFE41}.AppStore|x64.Build.0 = Release|x64
		{862B4CCF-BF3C-4DB2-AB11-663FB4ABFE41}.AppStore|x64.Deploy.0 = Release|x64
		{862B4CCF-BF3C-4DB2-AB11-663FB4ABFE41}.AppStore|x86.ActiveCfg = Release|x86
		{862B4CCF-BF3C-4DB2-AB11-663FB4ABFE41}.AppStore|x86.Build.0 = Release|x86
		{862B4CCF-BF3C-4DB2-AB11-663FB4ABFE41}.AppStore|x86.Deploy.0 = Release|x86
		{862B4CCF-BF3C-4DB2-AB11-663FB4ABFE41}.Debug|Any CPU.ActiveCfg = Debug|x86
		{862B4CCF-BF3C-4DB2-AB11-663FB4ABFE41}.Debug|ARM.ActiveCfg = Debug|ARM
		{862B4CCF-BF3C-4DB2-AB11-663FB4ABFE41}.Debug|ARM.Build.0 = Debug|ARM
		{862B4CCF-BF3C-4DB2-AB11-663FB4ABFE41}.Debug|ARM.Deploy.0 = Debug|ARM
		{862B4CCF-BF3C-4DB2-AB11-663FB4ABFE41}.Debug|iPhone.ActiveCfg = Debug|x86
		{862B4CCF-BF3C-4DB2-AB11-663FB4ABFE41}.Debug|iPhoneSimulator.ActiveCfg = Debug|x86
		{862B4CCF-BF3C-4DB2-AB11-663FB4ABFE41}.Debug|x64.ActiveCfg = Debug|x64
		{862B4CCF-BF3C-4DB2-AB11-663FB4ABFE41}.Debug|x64.Build.0 = Debug|x64
		{862B4CCF-BF3C-4DB2-AB11-663FB4ABFE41}.Debug|x64.Deploy.0 = Debug|x64
		{862B4CCF-BF3C-4DB2-AB11-663FB4ABFE41}.Debug|x86.ActiveCfg = Debug|x86
		{862B4CCF-BF3C-4DB2-AB11-663FB4ABFE41}.Debug|x86.Build.0 = Debug|x86
		{862B4CCF-BF3C-4DB2-AB11-663FB4ABFE41}.Debug|x86.Deploy.0 = Debug|x86
		{862B4CCF-BF3C-4DB2-AB11-663FB4ABFE41}.Release|Any CPU.ActiveCfg = Release|x86
		{862B4CCF-BF3C-4DB2-AB11-663FB4ABFE41}.Release|ARM.ActiveCfg = Release|ARM
		{862B4CCF-BF3C-4DB2-AB11-663FB4ABFE41}.Release|ARM.Build.0 = Release|ARM
		{862B4CCF-BF3C-4DB2-AB11-663FB4ABFE41}.Release|ARM.Deploy.0 = Release|ARM
		{862B4CCF-BF3C-4DB2-AB11-663FB4ABFE41}.Release|iPhone.ActiveCfg = Release|x86
		{862B4CCF-BF3C-4DB2-AB11-663FB4ABFE41}.Release|iPhoneSimulator.ActiveCfg = Release|x86
		{862B4CCF-BF3C-4DB2-AB11-663FB4ABFE41}.Release|x64.ActiveCfg = Release|x64
		{862B4CCF-BF3C-4DB2-AB11-663FB4ABFE41}.Release|x64.Build.0 = Release|x64
		{862B4CCF-BF3C-4DB2-AB11-663FB4ABFE41}.Release|x64.Deploy.0 = Release|x64
		{862B4CCF-BF3C-4DB2-AB11-663FB4ABFE41}.Release|x86.ActiveCfg = Release|x86
		{862B4CCF-BF3C-4DB2-AB11-663FB4ABFE41}.Release|x86.Build.0 = Release|x86
		{862B4CCF-BF3C-4DB2-AB11-663FB4ABFE41}.Release|x86.Deploy.0 = Release|x86
		{D17371F0-F04B-4433-B022-741C0C54F509}.Ad-Hoc|Any CPU.ActiveCfg = Ad-Hoc|iPhoneSimulator
		{D17371F0-F04B-4433-B022-741C0C54F509}.Ad-Hoc|ARM.ActiveCfg = Ad-Hoc|iPhone
		{D17371F0-F04B-4433-B022-741C0C54F509}.Ad-Hoc|iPhone.ActiveCfg = Ad-Hoc|iPhone
		{D17371F0-F04B-4433-B022-741C0C54F509}.Ad-Hoc|iPhone.Build.0 = Ad-Hoc|iPhone
		{D17371F0-F04B-4433-B022-741C0C54F509}.Ad-Hoc|iPhoneSimulator.ActiveCfg = Ad-Hoc|iPhoneSimulator
		{D17371F0-F04B-4433-B022-741C0C54F509}.Ad-Hoc|iPhoneSimulator.Build.0 = Ad-Hoc|iPhoneSimulator
		{D17371F0-F04B-4433-B022-741C0C54F509}.Ad-Hoc|x64.ActiveCfg = Ad-Hoc|iPhone
		{D17371F0-F04B-4433-B022-741C0C54F509}.Ad-Hoc|x86.ActiveCfg = Ad-Hoc|iPhone
		{D17371F0-F04B-4433-B022-741C0C54F509}.AppStore|Any CPU.ActiveCfg = AppStore|iPhoneSimulator
		{D17371F0-F04B-4433-B022-741C0C54F509}.AppStore|ARM.ActiveCfg = AppStore|iPhone
		{D17371F0-F04B-4433-B022-741C0C54F509}.AppStore|iPhone.ActiveCfg = AppStore|iPhone
		{D17371F0-F04B-4433-B022-741C0C54F509}.AppStore|iPhone.Build.0 = AppStore|iPhone
		{D17371F0-F04B-4433-B022-741C0C54F509}.AppStore|iPhoneSimulator.ActiveCfg = AppStore|iPhoneSimulator
		{D17371F0-F04B-4433-B022-741C0C54F509}.AppStore|iPhoneSimulator.Build.0 = AppStore|iPhoneSimulator
		{D17371F0-F04B-4433-B022-741C0C54F509}.AppStore|x64.ActiveCfg = AppStore|iPhone
		{D17371F0-F04B-4433-B022-741C0C54F509}.AppStore|x86.ActiveCfg = AppStore|iPhone
		{D17371F0-F04B-4433-B022-741C0C54F509}.Debug|Any CPU.ActiveCfg = Debug|iPhoneSimulator
		{D17371F0-F04B-4433-B022-741C0C54F509}.Debug|ARM.ActiveCfg = Debug|iPhone
		{D17371F0-F04B-4433-B022-741C0C54F509}.Debug|iPhone.ActiveCfg = Debug|iPhone
		{D17371F0-F04B-4433-B022-741C0C54F509}.Debug|iPhone.Build.0 = Debug|iPhone
		{D17371F0-F04B-4433-B022-741C0C54F509}.Debug|iPhoneSimulator.ActiveCfg = Debug|iPhoneSimulator
		{D17371F0-F04B-4433-B022-741C0C54F509}.Debug|iPhoneSimulator.Build.0 = Debug|iPhoneSimulator
		{D17371F0-F04B-4433-B022-741C0C54F509}.Debug|x64.ActiveCfg = Debug|iPhone
		{D17371F0-F04B-4433-B022-741C0C54F509}.Debug|x86.ActiveCfg = Debug|iPhone
		{D17371F0-F04B-4433-B022-741C0C54F509}.Release|Any CPU.ActiveCfg = Release|iPhoneSimulator
		{D17371F0-F04B-4433-B022-741C0C54F509}.Release|ARM.ActiveCfg = Release|iPhone
		{D17371F0-F04B-4433-B022-741C0C54F509}.Release|iPhone.ActiveCfg = Release|iPhone
		{D17371F0-F04B-4433-B022-741C0C54F509}.Release|iPhone.Build.0 = Release|iPhone
		{D17371F0-F04B-4433-B022-741C0C54F509}.Release|iPhoneSimulator.ActiveCfg = Release|iPhoneSimulator
		{D17371F0-F04B-4433-B022-741C0C54F509}.Release|iPhoneSimulator.Build.0 = Release|iPhoneSimulator
		{D17371F0-F04B-4433-B022-741C0C54F509}.Release|x64.ActiveCfg = Release|iPhone
		{D17371F0-F04B-4433-B022-741C0C54F509}.Release|x86.ActiveCfg = Release|iPhone
	EndGlobalSection
	GlobalSection(SolutionProperties) = preSolution
		HideSolutionNode = FALSE
	EndGlobalSection
	GlobalSection(ExtensibilityGlobals) = postSolution
		SolutionGuid = {B496FB6D-91BB-4FD0-A897-9C0028B12F47}
	EndGlobalSection
EndGlobal
